
Microsoft Visual Studio Solution File, Format Version 12.00
# Visual Studio Version 17
VisualStudioVersion = 17.1.32228.430
MinimumVisualStudioVersion = 10.0.40219.1
Project("{9A19103F-16F7-4668-BE54-9A1E7A4F7556}") = "Task5.1", "Task5.1\Task5.1.csproj", "{DE5E265F-66E6-437B-A4D6-510C228D3B9B}"
EndProject
Project("{9A19103F-16F7-4668-BE54-9A1E7A4F7556}") = "Task5.2", "Task5.2\Task5.2.csproj", "{FC404763-6553-4A16-8920-20DF6AC668B9}"
EndProject
Project("{9A19103F-16F7-4668-BE54-9A1E7A4F7556}") = "Task5.9", "Task5.9\Task5.9.csproj", "{8122976B-A5FA-4F8C-B9B5-62D37E7CBDAA}"
EndProject
Project("{9A19103F-16F7-4668-BE54-9A1E7A4F7556}") = "Task5.14", "Task5.14\Task5.14.csproj", "{94BED0EA-6537-4E0A-B0E8-229FDA90488E}"
EndProject
Project("{9A19103F-16F7-4668-BE54-9A1E7A4F7556}") = "task5.3", "task5.3\task5.3.csproj", "{BE4A81AD-AD3E-4E60-A993-82CBD5830B9B}"
EndProject
Project("{9A19103F-16F7-4668-BE54-9A1E7A4F7556}") = "Task5.4", "Task5.4\Task5.4.csproj", "{B03FAA3E-006D-4355-9DBC-674D2DDEFDEB}"
EndProject
Project("{9A19103F-16F7-4668-BE54-9A1E7A4F7556}") = "Task5.5", "Task5.5\Task5.5.csproj", "{194039D8-D318-445D-8E5E-26CE3A60799F}"
EndProject
Project("{9A19103F-16F7-4668-BE54-9A1E7A4F7556}") = "Task5.6", "Task5.6\Task5.6.csproj", "{64BC389D-06C1-43DF-AEF4-37FED3616A38}"
EndProject
Project("{9A19103F-16F7-4668-BE54-9A1E7A4F7556}") = "Task 5.7", "Task 5.7\Task 5.7.csproj", "{7F45B5D2-9767-4EDC-AC28-AFD7C40D251C}"
EndProject
Project("{9A19103F-16F7-4668-BE54-9A1E7A4F7556}") = "Task5.8", "Task5.8\Task5.8.csproj", "{7BDE81A1-69D1-4C2F-A869-0C3BBAAACBE5}"
EndProject
Project("{9A19103F-16F7-4668-BE54-9A1E7A4F7556}") = "Task5.10", "Task5.10\Task5.10.csproj", "{BAEA9A85-45B7-42F6-B28D-DD7D9F46B307}"
EndProject
Project("{9A19103F-16F7-4668-BE54-9A1E7A4F7556}") = "Task5.11", "Task5.11\Task5.11.csproj", "{B04BCDA9-940C-4B49-99A7-5910E35B083C}"
EndProject
Project("{9A19103F-16F7-4668-BE54-9A1E7A4F7556}") = "Task5.12", "Task5.12\Task5.12.csproj", "{F4F480F2-0AC8-424B-9F14-595630806A05}"
EndProject
Project("{9A19103F-16F7-4668-BE54-9A1E7A4F7556}") = "Task5.13", "Task5.13\Task5.13.csproj", "{4600BD60-7102-42FC-800C-6286CC440115}"
EndProject
Project("{FAE04EC0-301F-11D3-BF4B-00C04F79EFBC}") = "'Task5.15", "'Task5.15\'Task5.15.csproj", "{43ED9876-BE2B-4DD1-B667-C371B1D46264}"
EndProject
Project("{FAE04EC0-301F-11D3-BF4B-00C04F79EFBC}") = "Test12121", "Test12121\Test12121.csproj", "{1F8858E3-A6DF-4598-A95D-AF2178306F38}"
EndProject
Global
	GlobalSection(SolutionConfigurationPlatforms) = preSolution
		Debug|Any CPU = Debug|Any CPU
		Release|Any CPU = Release|Any CPU
	EndGlobalSection
	GlobalSection(ProjectConfigurationPlatforms) = postSolution
		{DE5E265F-66E6-437B-A4D6-510C228D3B9B}.Debug|Any CPU.ActiveCfg = Debug|Any CPU
		{DE5E265F-66E6-437B-A4D6-510C228D3B9B}.Debug|Any CPU.Build.0 = Debug|Any CPU
		{DE5E265F-66E6-437B-A4D6-510C228D3B9B}.Release|Any CPU.ActiveCfg = Release|Any CPU
		{DE5E265F-66E6-437B-A4D6-510C228D3B9B}.Release|Any CPU.Build.0 = Release|Any CPU
		{FC404763-6553-4A16-8920-20DF6AC668B9}.Debug|Any CPU.ActiveCfg = Debug|Any CPU
		{FC404763-6553-4A16-8920-20DF6AC668B9}.Debug|Any CPU.Build.0 = Debug|Any CPU
		{FC404763-6553-4A16-8920-20DF6AC668B9}.Release|Any CPU.ActiveCfg = Release|Any CPU
		{FC404763-6553-4A16-8920-20DF6AC668B9}.Release|Any CPU.Build.0 = Release|Any CPU
		{8122976B-A5FA-4F8C-B9B5-62D37E7CBDAA}.Debug|Any CPU.ActiveCfg = Debug|Any CPU
		{8122976B-A5FA-4F8C-B9B5-62D37E7CBDAA}.Debug|Any CPU.Build.0 = Debug|Any CPU
		{8122976B-A5FA-4F8C-B9B5-62D37E7CBDAA}.Release|Any CPU.ActiveCfg = Release|Any CPU
		{8122976B-A5FA-4F8C-B9B5-62D37E7CBDAA}.Release|Any CPU.Build.0 = Release|Any CPU
		{94BED0EA-6537-4E0A-B0E8-229FDA90488E}.Debug|Any CPU.ActiveCfg = Debug|Any CPU
		{94BED0EA-6537-4E0A-B0E8-229FDA90488E}.Debug|Any CPU.Build.0 = Debug|Any CPU
		{94BED0EA-6537-4E0A-B0E8-229FDA90488E}.Release|Any CPU.ActiveCfg = Release|Any CPU
		{94BED0EA-6537-4E0A-B0E8-229FDA90488E}.Release|Any CPU.Build.0 = Release|Any CPU
		{BE4A81AD-AD3E-4E60-A993-82CBD5830B9B}.Debug|Any CPU.ActiveCfg = Debug|Any CPU
		{BE4A81AD-AD3E-4E60-A993-82CBD5830B9B}.Debug|Any CPU.Build.0 = Debug|Any CPU
		{BE4A81AD-AD3E-4E60-A993-82CBD5830B9B}.Release|Any CPU.ActiveCfg = Release|Any CPU
		{BE4A81AD-AD3E-4E60-A993-82CBD5830B9B}.Release|Any CPU.Build.0 = Release|Any CPU
		{B03FAA3E-006D-4355-9DBC-674D2DDEFDEB}.Debug|Any CPU.ActiveCfg = Debug|Any CPU
		{B03FAA3E-006D-4355-9DBC-674D2DDEFDEB}.Debug|Any CPU.Build.0 = Debug|Any CPU
		{B03FAA3E-006D-4355-9DBC-674D2DDEFDEB}.Release|Any CPU.ActiveCfg = Release|Any CPU
		{B03FAA3E-006D-4355-9DBC-674D2DDEFDEB}.Release|Any CPU.Build.0 = Release|Any CPU
		{194039D8-D318-445D-8E5E-26CE3A60799F}.Debug|Any CPU.ActiveCfg = Debug|Any CPU
		{194039D8-D318-445D-8E5E-26CE3A60799F}.Debug|Any CPU.Build.0 = Debug|Any CPU
		{194039D8-D318-445D-8E5E-26CE3A60799F}.Release|Any CPU.ActiveCfg = Release|Any CPU
		{194039D8-D318-445D-8E5E-26CE3A60799F}.Release|Any CPU.Build.0 = Release|Any CPU
		{64BC389D-06C1-43DF-AEF4-37FED3616A38}.Debug|Any CPU.ActiveCfg = Debug|Any CPU
		{64BC389D-06C1-43DF-AEF4-37FED3616A38}.Debug|Any CPU.Build.0 = Debug|Any CPU
		{64BC389D-06C1-43DF-AEF4-37FED3616A38}.Release|Any CPU.ActiveCfg = Release|Any CPU
		{64BC389D-06C1-43DF-AEF4-37FED3616A38}.Release|Any CPU.Build.0 = Release|Any CPU
		{7F45B5D2-9767-4EDC-AC28-AFD7C40D251C}.Debug|Any CPU.ActiveCfg = Debug|Any CPU
		{7F45B5D2-9767-4EDC-AC28-AFD7C40D251C}.Debug|Any CPU.Build.0 = Debug|Any CPU
		{7F45B5D2-9767-4EDC-AC28-AFD7C40D251C}.Release|Any CPU.ActiveCfg = Release|Any CPU
		{7F45B5D2-9767-4EDC-AC28-AFD7C40D251C}.Release|Any CPU.Build.0 = Release|Any CPU
		{7BDE81A1-69D1-4C2F-A869-0C3BBAAACBE5}.Debug|Any CPU.ActiveCfg = Debug|Any CPU
		{7BDE81A1-69D1-4C2F-A869-0C3BBAAACBE5}.Debug|Any CPU.Build.0 = Debug|Any CPU
		{7BDE81A1-69D1-4C2F-A869-0C3BBAAACBE5}.Release|Any CPU.ActiveCfg = Release|Any CPU
		{7BDE81A1-69D1-4C2F-A869-0C3BBAAACBE5}.Release|Any CPU.Build.0 = Release|Any CPU
		{BAEA9A85-45B7-42F6-B28D-DD7D9F46B307}.Debug|Any CPU.ActiveCfg = Debug|Any CPU
		{BAEA9A85-45B7-42F6-B28D-DD7D9F46B307}.Debug|Any CPU.Build.0 = Debug|Any CPU
		{BAEA9A85-45B7-42F6-B28D-DD7D9F46B307}.Release|Any CPU.ActiveCfg = Release|Any CPU
		{BAEA9A85-45B7-42F6-B28D-DD7D9F46B307}.Release|Any CPU.Build.0 = Release|Any CPU
		{B04BCDA9-940C-4B49-99A7-5910E35B083C}.Debug|Any CPU.ActiveCfg = Debug|Any CPU
		{B04BCDA9-940C-4B49-99A7-5910E35B083C}.Debug|Any CPU.Build.0 = Debug|Any CPU
		{B04BCDA9-940C-4B49-99A7-5910E35B083C}.Release|Any CPU.ActiveCfg = Release|Any CPU
		{B04BCDA9-940C-4B49-99A7-5910E35B083C}.Release|Any CPU.Build.0 = Release|Any CPU
		{F4F480F2-0AC8-424B-9F14-595630806A05}.Debug|Any CPU.ActiveCfg = Debug|Any CPU
		{F4F480F2-0AC8-424B-9F14-595630806A05}.Debug|Any CPU.Build.0 = Debug|Any CPU
		{F4F480F2-0AC8-424B-9F14-595630806A05}.Release|Any CPU.ActiveCfg = Release|Any CPU
		{F4F480F2-0AC8-424B-9F14-595630806A05}.Release|Any CPU.Build.0 = Release|Any CPU
		{4600BD60-7102-42FC-800C-6286CC440115}.Debug|Any CPU.ActiveCfg = Debug|Any CPU
		{4600BD60-7102-42FC-800C-6286CC440115}.Debug|Any CPU.Build.0 = Debug|Any CPU
		{4600BD60-7102-42FC-800C-6286CC440115}.Release|Any CPU.ActiveCfg = Release|Any CPU
		{4600BD60-7102-42FC-800C-6286CC440115}.Release|Any CPU.Build.0 = Release|Any CPU
		{43ED9876-BE2B-4DD1-B667-C371B1D46264}.Debug|Any CPU.ActiveCfg = Debug|Any CPU
		{43ED9876-BE2B-4DD1-B667-C371B1D46264}.Debug|Any CPU.Build.0 = Debug|Any CPU
		{43ED9876-BE2B-4DD1-B667-C371B1D46264}.Release|Any CPU.ActiveCfg = Release|Any CPU
		{43ED9876-BE2B-4DD1-B667-C371B1D46264}.Release|Any CPU.Build.0 = Release|Any CPU
		{1F8858E3-A6DF-4598-A95D-AF2178306F38}.Debug|Any CPU.ActiveCfg = Debug|Any CPU
		{1F8858E3-A6DF-4598-A95D-AF2178306F38}.Debug|Any CPU.Build.0 = Debug|Any CPU
		{1F8858E3-A6DF-4598-A95D-AF2178306F38}.Release|Any CPU.ActiveCfg = Release|Any CPU
		{1F8858E3-A6DF-4598-A95D-AF2178306F38}.Release|Any CPU.Build.0 = Release|Any CPU
	EndGlobalSection
	GlobalSection(SolutionProperties) = preSolution
		HideSolutionNode = FALSE
	EndGlobalSection
	GlobalSection(ExtensibilityGlobals) = postSolution
		SolutionGuid = {0216A0EE-3D8E-47D5-B029-057A85DA7B0E}
	EndGlobalSection
EndGlobal
